{
  "name": "marginalia",
  "lockfileVersion": 2,
  "requires": true,
  "packages": {
    "": {
      "dependencies": {
        "remotestorage-widget": "^1.5.5",
        "remotestoragejs": "^2.0.0-beta.6"
      }
    },
    "node_modules/@types/node": {
      "version": "16.11.59",
      "resolved": "https://registry.npmjs.org/@types/node/-/node-16.11.59.tgz",
      "integrity": "sha512-6u+36Dj3aDzhfBVUf/mfmc92OEdzQ2kx2jcXGdigfl70E/neV21ZHE6UCz4MDzTRcVqGAM27fk+DLXvyDsn3Jw=="
    },
    "node_modules/@types/tv4": {
      "version": "1.2.33",
      "resolved": "https://registry.npmjs.org/@types/tv4/-/tv4-1.2.33.tgz",
      "integrity": "sha512-7phCVTXC6Bj50IV1iKOwqGkR4JONJyMbRZnKTSuujv1S/tO9rG5OdCt7BMSjytO+zJmYdn1/I4fd3SH0gtO99g=="
    },
    "node_modules/esm": {
      "version": "3.2.25",
      "resolved": "https://registry.npmjs.org/esm/-/esm-3.2.25.tgz",
      "integrity": "sha512-U1suiZ2oDVWv4zPO56S0NcR5QriEahGtdN2OR6FiOG4WJvcjBVFB0qI4+eKoWFH483PKGuLuu6V8Z4T5g63UVA==",
      "engines": {
        "node": ">=6"
      }
    },
    "node_modules/fsevents": {
      "version": "2.3.3",
      "resolved": "https://registry.npmjs.org/fsevents/-/fsevents-2.3.3.tgz",
      "integrity": "sha512-5xoDfX+fL7faATnagmWPpbFtwh/R77WmMMqqHGS65C3vvB0YHrgF+B1YmZ3441tMj5n63k0212XNoJwzlhffQw==",
      "hasInstallScript": true,
      "optional": true,
      "os": [
        "darwin"
      ],
      "engines": {
        "node": "^8.16.0 || ^10.6.0 || >=11.0.0"
      }
    },
    "node_modules/remotestorage-widget": {
      "version": "1.5.5",
      "resolved": "https://registry.npmjs.org/remotestorage-widget/-/remotestorage-widget-1.5.5.tgz",
      "integrity": "sha512-1YO1liO6g2sLohC+oVca+NnrGYX6nBSjteq/5as8WsUUBW8gxCCI/XMPb/FHlslzVdjRvn5edVs8JuPSABD05A=="
    },
    "node_modules/remotestoragejs": {
      "version": "2.0.0-beta.6",
      "resolved": "https://registry.npmjs.org/remotestoragejs/-/remotestoragejs-2.0.0-beta.6.tgz",
      "integrity": "sha512-xGBmCPe99F4Gs/IEEzvGFjlmOkG48rRCSFz4+7xFNVs4WUJ3nzkm+fQbKelTB2HHErgOLSIyxc2dloqhI5srAQ==",
      "dependencies": {
        "@types/node": "16.11.59",
        "@types/tv4": "^1.2.29",
        "esm": "^3.2.25",
        "tv4": "^1.3.0",
        "webfinger.js": "^2.7.1",
        "xhr2": "^0.2.1"
      },
      "optionalDependencies": {
        "fsevents": "^2.3.2"
      }
    },
    "node_modules/tv4": {
      "version": "1.3.0",
      "resolved": "https://registry.npmjs.org/tv4/-/tv4-1.3.0.tgz",
      "integrity": "sha512-afizzfpJgvPr+eDkREK4MxJ/+r8nEEHcmitwgnPUqpaP+FpwQyadnxNoSACbgc/b1LsZYtODGoPiFxQrgJgjvw==",
      "engines": {
        "node": ">= 0.8.0"
      }
    },
    "node_modules/webfinger.js": {
      "version": "2.7.1",
      "resolved": "https://registry.npmjs.org/webfinger.js/-/webfinger.js-2.7.1.tgz",
      "integrity": "sha512-H4RokaE4RC39N3uiRTcjKMmy6yYg06lUPORQHvv8DjowZ6I5SalxUeoqHbtTN3EVBmYP/XHQ8Ow6BLEIpe2DtA==",
      "dependencies": {
        "xhr2": "0.2.1"
      }
    },
    "node_modules/xhr2": {
      "version": "0.2.1",
      "resolved": "https://registry.npmjs.org/xhr2/-/xhr2-0.2.1.tgz",
      "integrity": "sha512-sID0rrVCqkVNUn8t6xuv9+6FViXjUVXq8H5rWOH2rz9fDNQEd4g0EA2XlcEdJXRz5BMEn4O1pJFdT+z4YHhoWw==",
      "engines": {
        "node": ">= 6"
      }
    }
  },
  "dependencies": {
    "@types/node": {
      "version": "16.11.59",
      "resolved": "https://registry.npmjs.org/@types/node/-/node-16.11.59.tgz",
      "integrity": "sha512-6u+36Dj3aDzhfBVUf/mfmc92OEdzQ2kx2jcXGdigfl70E/neV21ZHE6UCz4MDzTRcVqGAM27fk+DLXvyDsn3Jw=="
    },
    "@types/tv4": {
      "version": "1.2.33",
      "resolved": "https://registry.npmjs.org/@types/tv4/-/tv4-1.2.33.tgz",
      "integrity": "sha512-7phCVTXC6Bj50IV1iKOwqGkR4JONJyMbRZnKTSuujv1S/tO9rG5OdCt7BMSjytO+zJmYdn1/I4fd3SH0gtO99g=="
    },
    "esm": {
      "version": "3.2.25",
      "resolved": "https://registry.npmjs.org/esm/-/esm-3.2.25.tgz",
      "integrity": "sha512-U1suiZ2oDVWv4zPO56S0NcR5QriEahGtdN2OR6FiOG4WJvcjBVFB0qI4+eKoWFH483PKGuLuu6V8Z4T5g63UVA=="
    },
    "fsevents": {
      "version": "2.3.3",
      "resolved": "https://registry.npmjs.org/fsevents/-/fsevents-2.3.3.tgz",
      "integrity": "sha512-5xoDfX+fL7faATnagmWPpbFtwh/R77WmMMqqHGS65C3vvB0YHrgF+B1YmZ3441tMj5n63k0212XNoJwzlhffQw==",
      "optional": true
    },
    "remotestorage-widget": {
      "version": "1.5.5",
      "resolved": "https://registry.npmjs.org/remotestorage-widget/-/remotestorage-widget-1.5.5.tgz",
      "integrity": "sha512-1YO1liO6g2sLohC+oVca+NnrGYX6nBSjteq/5as8WsUUBW8gxCCI/XMPb/FHlslzVdjRvn5edVs8JuPSABD05A=="
    },
    "remotestoragejs": {
      "version": "2.0.0-beta.6",
      "resolved": "https://registry.npmjs.org/remotestoragejs/-/remotestoragejs-2.0.0-beta.6.tgz",
      "integrity": "sha512-xGBmCPe99F4Gs/IEEzvGFjlmOkG48rRCSFz4+7xFNVs4WUJ3nzkm+fQbKelTB2HHErgOLSIyxc2dloqhI5srAQ==",
      "requires": {
        "@types/node": "16.11.59",
        "@types/tv4": "^1.2.29",
        "esm": "^3.2.25",
        "fsevents": "^2.3.2",
        "tv4": "^1.3.0",
        "webfinger.js": "^2.7.1",
        "xhr2": "^0.2.1"
      }
    },
    "tv4": {
      "version": "1.3.0",
      "resolved": "https://registry.npmjs.org/tv4/-/tv4-1.3.0.tgz",
      "integrity": "sha512-afizzfpJgvPr+eDkREK4MxJ/+r8nEEHcmitwgnPUqpaP+FpwQyadnxNoSACbgc/b1LsZYtODGoPiFxQrgJgjvw=="
    },
    "webfinger.js": {
      "version": "2.7.1",
      "resolved": "https://registry.npmjs.org/webfinger.js/-/webfinger.js-2.7.1.tgz",
      "integrity": "sha512-H4RokaE4RC39N3uiRTcjKMmy6yYg06lUPORQHvv8DjowZ6I5SalxUeoqHbtTN3EVBmYP/XHQ8Ow6BLEIpe2DtA==",
      "requires": {
        "xhr2": "0.2.1"
      }
    },
    "xhr2": {
      "version": "0.2.1",
      "resolved": "https://registry.npmjs.org/xhr2/-/xhr2-0.2.1.tgz",
      "integrity": "sha512-sID0rrVCqkVNUn8t6xuv9+6FViXjUVXq8H5rWOH2rz9fDNQEd4g0EA2XlcEdJXRz5BMEn4O1pJFdT+z4YHhoWw=="
    }
  }
}
